// !$*UTF8*$!
{
	archiveVersion = 1;
	classes = {
	};
	objectVersion = 50;
	objects = {

/* Begin PBXBuildFile section */
		95FB53912189DE7400032235 /* AppDelegate.swift in Sources */ = {isa = PBXBuildFile; fileRef = 95FB53902189DE7400032235 /* AppDelegate.swift */; };
		95FB53932189DE7400032235 /* art.scnassets in Resources */ = {isa = PBXBuildFile; fileRef = 95FB53922189DE7400032235 /* art.scnassets */; };
		95FB53952189DE7400032235 /* ViewController.swift in Sources */ = {isa = PBXBuildFile; fileRef = 95FB53942189DE7400032235 /* ViewController.swift */; };
		95FB53982189DE7400032235 /* Main.storyboard in Resources */ = {isa = PBXBuildFile; fileRef = 95FB53962189DE7400032235 /* Main.storyboard */; };
		95FB539A2189DE7500032235 /* Assets.xcassets in Resources */ = {isa = PBXBuildFile; fileRef = 95FB53992189DE7500032235 /* Assets.xcassets */; };
		95FB539D2189DE7500032235 /* LaunchScreen.storyboard in Resources */ = {isa = PBXBuildFile; fileRef = 95FB539B2189DE7500032235 /* LaunchScreen.storyboard */; };
		95FB53A52189DE8600032235 /* harrypotter.mp4 in Resources */ = {isa = PBXBuildFile; fileRef = 95FB53A42189DE8600032235 /* harrypotter.mp4 */; };
/* End PBXBuildFile section */

/* Begin PBXFileReference section */
		95FB538D2189DE7400032235 /* RealidadAumentadaProject.app */ = {isa = PBXFileReference; explicitFileType = wrapper.application; includeInIndex = 0; path = RealidadAumentadaProject.app; sourceTree = BUILT_PRODUCTS_DIR; };
		95FB53902189DE7400032235 /* AppDelegate.swift */ = {isa = PBXFileReference; lastKnownFileType = sourcecode.swift; path = AppDelegate.swift; sourceTree = "<group>"; };
		95FB53922189DE7400032235 /* art.scnassets */ = {isa = PBXFileReference; lastKnownFileType = wrapper.scnassets; path = art.scnassets; sourceTree = "<group>"; };
		95FB53942189DE7400032235 /* ViewController.swift */ = {isa = PBXFileReference; lastKnownFileType = sourcecode.swift; path = ViewController.swift; sourceTree = "<group>"; };
		95FB53972189DE7400032235 /* Base */ = {isa = PBXFileReference; lastKnownFileType = file.storyboard; name = Base; path = Base.lproj/Main.storyboard; sourceTree = "<group>"; };
		95FB53992189DE7500032235 /* Assets.xcassets */ = {isa = PBXFileReference; lastKnownFileType = folder.assetcatalog; path = Assets.xcassets; sourceTree = "<group>"; };
		95FB539C2189DE7500032235 /* Base */ = {isa = PBXFileReference; lastKnownFileType = file.storyboard; name = Base; path = Base.lproj/LaunchScreen.storyboard; sourceTree = "<group>"; };
		95FB539E2189DE7500032235 /* Info.plist */ = {isa = PBXFileReference; lastKnownFileType = text.plist.xml; path = Info.plist; sourceTree = "<group>"; };
		95FB53A42189DE8600032235 /* harrypotter.mp4 */ = {isa = PBXFileReference; lastKnownFileType = file; path = harrypotter.mp4; sourceTree = "<group>"; };
/* End PBXFileReference section */

/* Begin PBXFrameworksBuildPhase section */
		95FB538A2189DE7400032235 /* Frameworks */ = {
			isa = PBXFrameworksBuildPhase;
			buildActionMask = 2147483647;
			files = (
			);
			runOnlyForDeploymentPostprocessing = 0;
		};
/* End PBXFrameworksBuildPhase section */

/* Begin PBXGroup section */
		95FB53842189DE7400032235 = {
			isa = PBXGroup;
			children = (
				95FB538F2189DE7400032235 /* RealidadAumentadaProject */,
				95FB538E2189DE7400032235 /* Products */,
			);
			sourceTree = "<group>";
		};
		95FB538E2189DE7400032235 /* Products */ = {
			isa = PBXGroup;
			children = (
				95FB538D2189DE7400032235 /* RealidadAumentadaProject.app */,
			);
			name = Products;
			sourceTree = "<group>";
		};
		95FB538F2189DE7400032235 /* RealidadAumentadaProject */ = {
			isa = PBXGroup;
			children = (
				95FB53902189DE7400032235 /* AppDelegate.swift */,
				95FB53922189DE7400032235 /* art.scnassets */,
				95FB53942189DE7400032235 /* ViewController.swift */,
				95FB53962189DE7400032235 /* Main.storyboard */,
				95FB53992189DE7500032235 /* Assets.xcassets */,
				95FB539B2189DE7500032235 /* LaunchScreen.storyboard */,
				95FB539E2189DE7500032235 /* Info.plist */,
				95FB53A42189DE8600032235 /* harrypotter.mp4 */,
			);
			path = RealidadAumentadaProject;
			sourceTree = "<group>";
		};
/* End PBXGroup section */

/* Begin PBXNativeTarget section */
		95FB538C2189DE7400032235 /* RealidadAumentadaProject */ = {
			isa = PBXNativeTarget;
			buildConfigurationList = 95FB53A12189DE7500032235 /* Build configuration list for PBXNativeTarget "RealidadAumentadaProject" */;
			buildPhases = (
				95FB53892189DE7400032235 /* Sources */,
				95FB538A2189DE7400032235 /* Frameworks */,
				95FB538B2189DE7400032235 /* Resources */,
			);
			buildRules = (
			);
			dependencies = (
			);
			name = RealidadAumentadaProject;
			productName = RealidadAumentadaProject;
			productReference = 95FB538D2189DE7400032235 /* RealidadAumentadaProject.app */;
			productType = "com.apple.product-type.application";
		};
/* End PBXNativeTarget section */

/* Begin PBXProject section */
		95FB53852189DE7400032235 /* Project object */ = {
			isa = PBXProject;
			attributes = {
				LastSwiftUpdateCheck = 1010;
				LastUpgradeCheck = 1010;
				ORGANIZATIONNAME = "Albert Gil Escura";
				TargetAttributes = {
					95FB538C2189DE7400032235 = {
						CreatedOnToolsVersion = 10.1;
					};
				};
			};
			buildConfigurationList = 95FB53882189DE7400032235 /* Build configuration list for PBXProject "RealidadAumentadaProject" */;
			compatibilityVersion = "Xcode 9.3";
			developmentRegion = en;
			hasScannedForEncodings = 0;
			knownRegions = (
				en,
				Base,
			);
			mainGroup = 95FB53842189DE7400032235;
			productRefGroup = 95FB538E2189DE7400032235 /* Products */;
			projectDirPath = "";
			projectRoot = "";
			targets = (
				95FB538C2189DE7400032235 /* RealidadAumentadaProject */,
			);
		};
/* End PBXProject section */

/* Begin PBXResourcesBuildPhase section */
		95FB538B2189DE7400032235 /* Resources */ = {
			isa = PBXResourcesBuildPhase;
			buildActionMask = 2147483647;
			files = (
				95FB53932189DE7400032235 /* art.scnassets in Resources */,
				95FB539D2189DE7500032235 /* LaunchScreen.storyboard in Resources */,
				95FB53A52189DE8600032235 /* harrypotter.mp4 in Resources */,
				95FB539A2189DE7500032235 /* Assets.xcassets in Resources */,
				95FB53982189DE7400032235 /* Main.storyboard in Resources */,
			);
			runOnlyForDeploymentPostprocessing = 0;
		};
/* End PBXResourcesBuildPhase section */

/* Begin PBXSourcesBuildPhase section */
		95FB53892189DE7400032235 /* Sources */ = {
			isa = PBXSourcesBuildPhase;
			buildActionMask = 2147483647;
			files = (
				95FB53952189DE7400032235 /* ViewController.swift in Sources */,
				95FB53912189DE7400032235 /* AppDelegate.swift in Sources */,
			);
			runOnlyForDeploymentPostprocessing = 0;
		};
/* End PBXSourcesBuildPhase section */

/* Begin PBXVariantGroup section */
		95FB53962189DE7400032235 /* Main.storyboard */ = {
			isa = PBXVariantGroup;
			children = (
				95FB53972189DE7400032235 /* Base */,
			);
			name = Main.storyboard;
			sourceTree = "<group>";
		};
		95FB539B2189DE7500032235 /* LaunchScreen.storyboard */ = {
			isa = PBXVariantGroup;
			children = (
				95FB539C2189DE7500032235 /* Base */,
			);
			name = LaunchScreen.storyboard;
			sourceTree = "<group>";
		};
/* End PBXVariantGroup section */

/* Begin XCBuildConfiguration section */
		95FB539F2189DE7500032235 /* Debug */ = {
			isa = XCBuildConfiguration;
			buildSettings = {
				ALWAYS_SEARCH_USER_PATHS = NO;
				CLANG_ANALYZER_NONNULL = YES;
				CLANG_ANALYZER_NUMBER_OBJECT_CONVERSION = YES_AGGRESSIVE;
				CLANG_CXX_LANGUAGE_STANDARD = "gnu++14";
				CLANG_CXX_LIBRARY = "libc++";
				CLANG_ENABLE_MODULES = YES;
				CLANG_ENABLE_OBJC_ARC = YES;
				CLANG_ENABLE_OBJC_WEAK = YES;
				CLANG_WARN_BLOCK_CAPTURE_AUTORELEASING = YES;
				CLANG_WARN_BOOL_CONVERSION = YES;
				CLANG_WARN_COMMA = YES;
				CLANG_WARN_CONSTANT_CONVERSION = YES;
				CLANG_WARN_DEPRECATED_OBJC_IMPLEMENTATIONS = YES;
				CLANG_WARN_DIRECT_OBJC_ISA_USAGE = YES_ERROR;
				CLANG_WARN_DOCUMENTATION_COMMENTS = YES;
				CLANG_WARN_EMPTY_BODY = YES;
				CLANG_WARN_ENUM_CONVERSION = YES;
				CLANG_WARN_INFINITE_RECURSION = YES;
				CLANG_WARN_INT_CONVERSION = YES;
				CLANG_WARN_NON_LITERAL_NULL_CONVERSION = YES;
				CLANG_WARN_OBJC_IMPLICIT_RETAIN_SELF = YES;
				CLANG_WARN_OBJC_LITERAL_CONVERSION = YES;
				CLANG_WARN_OBJC_ROOT_CLASS = YES_ERROR;
				CLANG_WARN_RANGE_LOOP_ANALYSIS = YES;
				CLANG_WARN_STRICT_PROTOTYPES = YES;
				CLANG_WARN_SUSPICIOUS_MOVE = YES;
				CLANG_WARN_UNGUARDED_AVAILABILITY = YES_AGGRESSIVE;
				CLANG_WARN_UNREACHABLE_CODE = YES;
				CLANG_WARN__DUPLICATE_METHOD_MATCH = YES;
				CODE_SIGN_IDENTITY = "iPhone Developer";
				COPY_PHASE_STRIP = NO;
				DEBUG_INFORMATION_FORMAT = dwarf;
				ENABLE_STRICT_OBJC_MSGSEND = YES;
				ENABLE_TESTABILITY = YES;
				GCC_C_LANGUAGE_STANDARD = gnu11;
				GCC_DYNAMIC_NO_PIC = NO;
				GCC_NO_COMMON_BLOCKS = YES;
				GCC_OPTIMIZATION_LEVEL = 0;
				GCC_PREPROCESSOR_DEFINITIONS = (
					"DEBUG=1",
					"$(inherited)",
				);
				GCC_WARN_64_TO_32_BIT_CONVERSION = YES;
				GCC_WARN_ABOUT_RETURN_TYPE = YES_ERROR;
				GCC_WARN_UNDECLARED_SELECTOR = YES;
				GCC_WARN_UNINITIALIZED_AUTOS = YES_AGGRESSIVE;
				GCC_WARN_UNUSED_FUNCTION = YES;
				GCC_WARN_UNUSED_VARIABLE = YES;
				IPHONEOS_DEPLOYMENT_TARGET = 12.1;
				MTL_ENABLE_DEBUG_INFO = INCLUDE_SOURCE;
				MTL_FAST_MATH = YES;
				ONLY_ACTIVE_ARCH = YES;
				SDKROOT = iphoneos;
				SWIFT_ACTIVE_COMPILATION_CONDITIONS = DEBUG;
				SWIFT_OPTIMIZATION_LEVEL = "-Onone";
			};
			name = Debug;
		};
		95FB53A02189DE7500032235 /* Release */ = {
			isa = XCBuildConfiguration;
			buildSettings = {
				ALWAYS_SEARCH_USER_PATHS = NO;
				CLANG_ANALYZER_NONNULL = YES;
				CLANG_ANALYZER_NUMBER_OBJECT_CONVERSION = YES_AGGRESSIVE;
				CLANG_CXX_LANGUAGE_STANDARD = "gnu++14";
				CLANG_CXX_LIBRARY = "libc++";
				CLANG_ENABLE_MODULES = YES;
				CLANG_ENABLE_OBJC_ARC = YES;
				CLANG_ENABLE_OBJC_WEAK = YES;
				CLANG_WARN_BLOCK_CAPTURE_AUTORELEASING = YES;
				CLANG_WARN_BOOL_CONVERSION = YES;
				CLANG_WARN_COMMA = YES;
				CLANG_WARN_CONSTANT_CONVERSION = YES;
				CLANG_WARN_DEPRECATED_OBJC_IMPLEMENTATIONS = YES;
				CLANG_WARN_DIRECT_OBJC_ISA_USAGE = YES_ERROR;
				CLANG_WARN_DOCUMENTATION_COMMENTS = YES;
				CLANG_WARN_EMPTY_BODY = YES;
				CLANG_WARN_ENUM_CONVERSION = YES;
				CLANG_WARN_INFINITE_RECURSION = YES;
				CLANG_WARN_INT_CONVERSION = YES;
				CLANG_WARN_NON_LITERAL_NULL_CONVERSION = YES;
				CLANG_WARN_OBJC_IMPLICIT_RETAIN_SELF = YES;
				CLANG_WARN_OBJC_LITERAL_CONVERSION = YES;
				CLANG_WARN_OBJC_ROOT_CLASS = YES_ERROR;
				CLANG_WARN_RANGE_LOOP_ANALYSIS = YES;
				CLANG_WARN_STRICT_PROTOTYPES = YES;
				CLANG_WARN_SUSPICIOUS_MOVE = YES;
				CLANG_WARN_UNGUARDED_AVAILABILITY = YES_AGGRESSIVE;
				CLANG_WARN_UNREACHABLE_CODE = YES;
				CLANG_WARN__DUPLICATE_METHOD_MATCH = YES;
				CODE_SIGN_IDENTITY = "iPhone Developer";
				COPY_PHASE_STRIP = NO;
				DEBUG_INFORMATION_FORMAT = "dwarf-with-dsym";
				ENABLE_NS_ASSERTIONS = NO;
				ENABLE_STRICT_OBJC_MSGSEND = YES;
				GCC_C_LANGUAGE_STANDARD = gnu11;
				GCC_NO_COMMON_BLOCKS = YES;
				GCC_WARN_64_TO_32_BIT_CONVERSION = YES;
				GCC_WARN_ABOUT_RETURN_TYPE = YES_ERROR;
				GCC_WARN_UNDECLARED_SELECTOR = YES;
				GCC_WARN_UNINITIALIZED_AUTOS = YES_AGGRESSIVE;
				GCC_WARN_UNUSED_FUNCTION = YES;
				GCC_WARN_UNUSED_VARIABLE = YES;
				IPHONEOS_DEPLOYMENT_TARGET = 12.1;
				MTL_ENABLE_DEBUG_INFO = NO;
				MTL_FAST_MATH = YES;
				SDKROOT = iphoneos;
				SWIFT_COMPILATION_MODE = wholemodule;
				SWIFT_OPTIMIZATION_LEVEL = "-O";
				VALIDATE_PRODUCT = YES;
			};
			name = Release;
		};
		95FB53A22189DE7500032235 /* Debug */ = {
			isa = XCBuildConfiguration;
			buildSettings = {
				ASSETCATALOG_COMPILER_APPICON_NAME = AppIcon;
				CODE_SIGN_STYLE = Automatic;
				DEVELOPMENT_TEAM = CCGZFCU763;
				INFOPLIST_FILE = RealidadAumentadaProject/Info.plist;
				LD_RUNPATH_SEARCH_PATHS = (
					"$(inherited)",
					"@executable_path/Frameworks",
				);
				PRODUCT_BUNDLE_IDENTIFIER = com.albertgil.RealidadAumentadaProject;
				PRODUCT_NAME = "$(TARGET_NAME)";
				SWIFT_VERSION = 4.2;
				TARGETED_DEVICE_FAMILY = "1,2";
			};
			name = Debug;
		};
		95FB53A32189DE7500032235 /* Release */ = {
			isa = XCBuildConfiguration;
			buildSettings = {
				ASSETCATALOG_COMPILER_APPICON_NAME = AppIcon;
				CODE_SIGN_STYLE = Automatic;
				DEVELOPMENT_TEAM = CCGZFCU763;
				INFOPLIST_FILE = RealidadAumentadaProject/Info.plist;
				LD_RUNPATH_SEARCH_PATHS = (
					"$(inherited)",
					"@executable_path/Frameworks",
				);
				PRODUCT_BUNDLE_IDENTIFIER = com.albertgil.RealidadAumentadaProject;
				PRODUCT_NAME = "$(TARGET_NAME)";
				SWIFT_VERSION = 4.2;
				TARGETED_DEVICE_FAMILY = "1,2";
			};
			name = Release;
		};
/* End XCBuildConfiguration section */

/* Begin XCConfigurationList section */
		95FB53882189DE7400032235 /* Build configuration list for PBXProject "RealidadAumentadaProject" */ = {
			isa = XCConfigurationList;
			buildConfigurations = (
				95FB539F2189DE7500032235 /* Debug */,
				95FB53A02189DE7500032235 /* Release */,
			);
			defaultConfigurationIsVisible = 0;
			defaultConfigurationName = Release;
		};
		95FB53A12189DE7500032235 /* Build configuration list for PBXNativeTarget "RealidadAumentadaProject" */ = {
			isa = XCConfigurationList;
			buildConfigurations = (
				95FB53A22189DE7500032235 /* Debug */,
				95FB53A32189DE7500032235 /* Release */,
			);
			defaultConfigurationIsVisible = 0;
			defaultConfigurationName = Release;
		};
/* End XCConfigurationList section */
	};
	rootObject = 95FB53852189DE7400032235 /* Project object */;
}
